
Microsoft Visual Studio Solution File, Format Version 12.00
# Visual Studio Version 16
VisualStudioVersion = 16.0.31729.503
MinimumVisualStudioVersion = 10.0.40219.1
Project("{FAE04EC0-301F-11D3-BF4B-00C04F79EFBC}") = "SymbolicLinkMaker", "SymbolicLinkMaker.csproj", "{C8297486-B9A1-4D6F-BB80-34E908670324}"
EndProject
Global
	GlobalSection(SolutionConfigurationPlatforms) = preSolution
		Debug|Any CPU = Debug|Any CPU
		Release|Any CPU = Release|Any CPU
	EndGlobalSection
	GlobalSection(ProjectConfigurationPlatforms) = postSolution
		{C8297486-B9A1-4D6F-BB80-34E908670324}.Debug|Any CPU.ActiveCfg = Debug|Any CPU
		{C8297486-B9A1-4D6F-BB80-34E908670324}.Debug|Any CPU.Build.0 = Debug|Any CPU
		{C8297486-B9A1-4D6F-BB80-34E908670324}.Release|Any CPU.ActiveCfg = Release|Any CPU
		{C8297486-B9A1-4D6F-BB80-34E908670324}.Release|Any CPU.Build.0 = Release|Any CPU
	EndGlobalSection
	GlobalSection(SolutionProperties) = preSolution
		HideSolutionNode = FALSE
	EndGlobalSection
	GlobalSection(ExtensibilityGlobals) = postSolution
		SolutionGuid = {98213360-A1BE-4E6F-BB85-CEDE1FC8E93F}
	EndGlobalSection
EndGlobal
